{
  "name": "ableton-extensions",
  "lockfileVersion": 3,
  "requires": true,
  "packages": {
    "": {
      "name": "ableton-extensions",
      "dependencies": {
        "ableton-js": "^3.4.6",
        "node-osc": "^9.1.4",
        "node-wav": "^0.0.2"
      },
      "bin": {
        "ableton-extensions": "index.js"
      }
    },
    "node_modules/ableton-js": {
      "version": "3.4.6",
      "resolved": "https://registry.npmjs.org/ableton-js/-/ableton-js-3.4.6.tgz",
      "integrity": "sha512-zewJ6ZtTbo4MOl4BAGOO1La1RC+0pOjY8b4V4m4KxIx9M+ZFr+pzcYjYl12BH0oHzhr88djsI3LcyXCrYfDFNQ==",
      "license": "MIT",
      "dependencies": {
        "lodash": "^4.17.21",
        "lru-cache": "^7.14.0",
        "semver": "^7.3.5",
        "uuid": "^8.3.2"
      }
    },
    "node_modules/binpack": {
      "version": "0.1.0",
      "resolved": "https://registry.npmjs.org/binpack/-/binpack-0.1.0.tgz",
      "integrity": "sha512-KcSrsGiIKgklTWweVb9XnZPWO1/rGSsK3fwR7VnbDPbLKPlkvSKd/ZrJ1W712r6HzH5u0fa/AZCftATO09x8Aw=="
    },
    "node_modules/lodash": {
      "version": "4.17.21",
      "resolved": "https://registry.npmjs.org/lodash/-/lodash-4.17.21.tgz",
      "integrity": "sha512-v2kDEe57lecTulaDIuNTPy3Ry4gLGJ6Z1O3vE1krgXZNrsQ+LFTGHVxVjcXPs17LhbZVGedAJv8XZ1tvj5FvSg==",
      "license": "MIT"
    },
    "node_modules/lru-cache": {
      "version": "7.18.3",
      "resolved": "https://registry.npmjs.org/lru-cache/-/lru-cache-7.18.3.tgz",
      "integrity": "sha512-jumlc0BIUrS3qJGgIkWZsyfAM7NCWiBcCDhnd+3NNM5KbBmLTgHVfWBcg6W+rLUsIpzpERPsvwUP7CckAQSOoA==",
      "license": "ISC",
      "engines": {
        "node": ">=12"
      }
    },
    "node_modules/node-osc": {
      "version": "9.1.4",
      "resolved": "https://registry.npmjs.org/node-osc/-/node-osc-9.1.4.tgz",
      "integrity": "sha512-ChkdOHmy2Ay6egrGsL9C7u0RqBQ+VIHjw+lk6yd59TuyzmqbaosCo53E1lvjh1xM97c+ByBhyH6i2dHOiBa2bw==",
      "license": "LGPL-3.0-or-later",
      "dependencies": {
        "osc-min": "^1.1.1"
      },
      "engines": {
        "node": "^18.17.0 || ^20.5.0 || >=22.0.0"
      }
    },
    "node_modules/node-wav": {
      "version": "0.0.2",
      "resolved": "https://registry.npmjs.org/node-wav/-/node-wav-0.0.2.tgz",
      "integrity": "sha512-M6Rm/bbG6De/gKGxOpeOobx/dnGuP0dz40adqx38boqHhlWssBJZgLCPBNtb9NkrmnKYiV04xELq+R6PFOnoLA==",
      "license": "MIT",
      "engines": {
        "node": ">=4.4.0"
      }
    },
    "node_modules/osc-min": {
      "version": "1.1.2",
      "resolved": "https://registry.npmjs.org/osc-min/-/osc-min-1.1.2.tgz",
      "integrity": "sha512-8DbiO8ME85R75stgNVCZtHxB9MNBBNcyy+isNBXrsFeinXGjwNAauvKVmGlfRas5VJWC/mhzIx7spR2gFvWxvg==",
      "license": "Zlib",
      "dependencies": {
        "binpack": "~0"
      },
      "engines": {
        "node": ">=0.10.0"
      }
    },
    "node_modules/semver": {
      "version": "7.6.3",
      "resolved": "https://registry.npmjs.org/semver/-/semver-7.6.3.tgz",
      "integrity": "sha512-oVekP1cKtI+CTDvHWYFUcMtsK/00wmAEfyqKfNdARm8u1wNVhSgaX7A8d4UuIlUI5e84iEwOhs7ZPYRmzU9U6A==",
      "license": "ISC",
      "bin": {
        "semver": "bin/semver.js"
      },
      "engines": {
        "node": ">=10"
      }
    },
    "node_modules/uuid": {
      "version": "8.3.2",
      "resolved": "https://registry.npmjs.org/uuid/-/uuid-8.3.2.tgz",
      "integrity": "sha512-+NYs2QeMWy+GWFOEm9xnn6HCDp0l7QBD7ml8zLUmJ+93Q5NF0NocErnwkTkXVFNiX3/fpC6afS8Dhb/gz7R7eg==",
      "license": "MIT",
      "bin": {
        "uuid": "dist/bin/uuid"
      }
    }
  }
}
